// !$*UTF8*$!
{
	archiveVersion = 1;
	classes = {
	};
	objectVersion = 50;
	objects = {

/* Begin PBXBuildFile section */
		4AC6E636265AB79D00AEEBBD /* AppDelegate.swift in Sources */ = {isa = PBXBuildFile; fileRef = 4AC6E635265AB79D00AEEBBD /* AppDelegate.swift */; };
		4AC6E638265AB79D00AEEBBD /* SceneDelegate.swift in Sources */ = {isa = PBXBuildFile; fileRef = 4AC6E637265AB79D00AEEBBD /* SceneDelegate.swift */; };
		4AC6E63A265AB79D00AEEBBD /* ViewController.swift in Sources */ = {isa = PBXBuildFile; fileRef = 4AC6E639265AB79D00AEEBBD /* ViewController.swift */; };
		4AC6E63D265AB79D00AEEBBD /* Main.storyboard in Resources */ = {isa = PBXBuildFile; fileRef = 4AC6E63B265AB79D00AEEBBD /* Main.storyboard */; };
		4AC6E640265AB79D00AEEBBD /* GitHubTest.xcdatamodeld in Sources */ = {isa = PBXBuildFile; fileRef = 4AC6E63E265AB79D00AEEBBD /* GitHubTest.xcdatamodeld */; };
		4AC6E642265AB7A100AEEBBD /* Assets.xcassets in Resources */ = {isa = PBXBuildFile; fileRef = 4AC6E641265AB7A100AEEBBD /* Assets.xcassets */; };
		4AC6E645265AB7A100AEEBBD /* LaunchScreen.storyboard in Resources */ = {isa = PBXBuildFile; fileRef = 4AC6E643265AB7A100AEEBBD /* LaunchScreen.storyboard */; };
		4AC6E650265AB7A100AEEBBD /* GitHubTestTests.swift in Sources */ = {isa = PBXBuildFile; fileRef = 4AC6E64F265AB7A100AEEBBD /* GitHubTestTests.swift */; };
		4AC6E65B265AB7A200AEEBBD /* GitHubTestUITests.swift in Sources */ = {isa = PBXBuildFile; fileRef = 4AC6E65A265AB7A200AEEBBD /* GitHubTestUITests.swift */; };
/* End PBXBuildFile section */

/* Begin PBXContainerItemProxy section */
		4AC6E64C265AB7A100AEEBBD /* PBXContainerItemProxy */ = {
			isa = PBXContainerItemProxy;
			containerPortal = 4AC6E62A265AB79D00AEEBBD /* Project object */;
			proxyType = 1;
			remoteGlobalIDString = 4AC6E631265AB79D00AEEBBD;
			remoteInfo = GitHubTest;
		};
		4AC6E657265AB7A100AEEBBD /* PBXContainerItemProxy */ = {
			isa = PBXContainerItemProxy;
			containerPortal = 4AC6E62A265AB79D00AEEBBD /* Project object */;
			proxyType = 1;
			remoteGlobalIDString = 4AC6E631265AB79D00AEEBBD;
			remoteInfo = GitHubTest;
		};
/* End PBXContainerItemProxy section */

/* Begin PBXFileReference section */
		4AC6E632265AB79D00AEEBBD /* GitHubTest.app */ = {isa = PBXFileReference; explicitFileType = wrapper.application; includeInIndex = 0; path = GitHubTest.app; sourceTree = BUILT_PRODUCTS_DIR; };
		4AC6E635265AB79D00AEEBBD /* AppDelegate.swift */ = {isa = PBXFileReference; lastKnownFileType = sourcecode.swift; path = AppDelegate.swift; sourceTree = "<group>"; };
		4AC6E637265AB79D00AEEBBD /* SceneDelegate.swift */ = {isa = PBXFileReference; lastKnownFileType = sourcecode.swift; path = SceneDelegate.swift; sourceTree = "<group>"; };
		4AC6E639265AB79D00AEEBBD /* ViewController.swift */ = {isa = PBXFileReference; lastKnownFileType = sourcecode.swift; path = ViewController.swift; sourceTree = "<group>"; };
		4AC6E63C265AB79D00AEEBBD /* Base */ = {isa = PBXFileReference; lastKnownFileType = file.storyboard; name = Base; path = Base.lproj/Main.storyboard; sourceTree = "<group>"; };
		4AC6E63F265AB79D00AEEBBD /* GitHubTest.xcdatamodel */ = {isa = PBXFileReference; lastKnownFileType = wrapper.xcdatamodel; path = GitHubTest.xcdatamodel; sourceTree = "<group>"; };
		4AC6E641265AB7A100AEEBBD /* Assets.xcassets */ = {isa = PBXFileReference; lastKnownFileType = folder.assetcatalog; path = Assets.xcassets; sourceTree = "<group>"; };
		4AC6E644265AB7A100AEEBBD /* Base */ = {isa = PBXFileReference; lastKnownFileType = file.storyboard; name = Base; path = Base.lproj/LaunchScreen.storyboard; sourceTree = "<group>"; };
		4AC6E646265AB7A100AEEBBD /* Info.plist */ = {isa = PBXFileReference; lastKnownFileType = text.plist.xml; path = Info.plist; sourceTree = "<group>"; };
		4AC6E64B265AB7A100AEEBBD /* GitHubTestTests.xctest */ = {isa = PBXFileReference; explicitFileType = wrapper.cfbundle; includeInIndex = 0; path = GitHubTestTests.xctest; sourceTree = BUILT_PRODUCTS_DIR; };
		4AC6E64F265AB7A100AEEBBD /* GitHubTestTests.swift */ = {isa = PBXFileReference; lastKnownFileType = sourcecode.swift; path = GitHubTestTests.swift; sourceTree = "<group>"; };
		4AC6E651265AB7A100AEEBBD /* Info.plist */ = {isa = PBXFileReference; lastKnownFileType = text.plist.xml; path = Info.plist; sourceTree = "<group>"; };
		4AC6E656265AB7A100AEEBBD /* GitHubTestUITests.xctest */ = {isa = PBXFileReference; explicitFileType = wrapper.cfbundle; includeInIndex = 0; path = GitHubTestUITests.xctest; sourceTree = BUILT_PRODUCTS_DIR; };
		4AC6E65A265AB7A200AEEBBD /* GitHubTestUITests.swift */ = {isa = PBXFileReference; lastKnownFileType = sourcecode.swift; path = GitHubTestUITests.swift; sourceTree = "<group>"; };
		4AC6E65C265AB7A200AEEBBD /* Info.plist */ = {isa = PBXFileReference; lastKnownFileType = text.plist.xml; path = Info.plist; sourceTree = "<group>"; };
/* End PBXFileReference section */

/* Begin PBXFrameworksBuildPhase section */
		4AC6E62F265AB79D00AEEBBD /* Frameworks */ = {
			isa = PBXFrameworksBuildPhase;
			buildActionMask = 2147483647;
			files = (
			);
			runOnlyForDeploymentPostprocessing = 0;
		};
		4AC6E648265AB7A100AEEBBD /* Frameworks */ = {
			isa = PBXFrameworksBuildPhase;
			buildActionMask = 2147483647;
			files = (
			);
			runOnlyForDeploymentPostprocessing = 0;
		};
		4AC6E653265AB7A100AEEBBD /* Frameworks */ = {
			isa = PBXFrameworksBuildPhase;
			buildActionMask = 2147483647;
			files = (
			);
			runOnlyForDeploymentPostprocessing = 0;
		};
/* End PBXFrameworksBuildPhase section */

/* Begin PBXGroup section */
		4AC6E629265AB79D00AEEBBD = {
			isa = PBXGroup;
			children = (
				4AC6E634265AB79D00AEEBBD /* GitHubTest */,
				4AC6E64E265AB7A100AEEBBD /* GitHubTestTests */,
				4AC6E659265AB7A200AEEBBD /* GitHubTestUITests */,
				4AC6E633265AB79D00AEEBBD /* Products */,
			);
			sourceTree = "<group>";
		};
		4AC6E633265AB79D00AEEBBD /* Products */ = {
			isa = PBXGroup;
			children = (
				4AC6E632265AB79D00AEEBBD /* GitHubTest.app */,
				4AC6E64B265AB7A100AEEBBD /* GitHubTestTests.xctest */,
				4AC6E656265AB7A100AEEBBD /* GitHubTestUITests.xctest */,
			);
			name = Products;
			sourceTree = "<group>";
		};
		4AC6E634265AB79D00AEEBBD /* GitHubTest */ = {
			isa = PBXGroup;
			children = (
				4AC6E635265AB79D00AEEBBD /* AppDelegate.swift */,
				4AC6E637265AB79D00AEEBBD /* SceneDelegate.swift */,
				4AC6E639265AB79D00AEEBBD /* ViewController.swift */,
				4AC6E63B265AB79D00AEEBBD /* Main.storyboard */,
				4AC6E641265AB7A100AEEBBD /* Assets.xcassets */,
				4AC6E643265AB7A100AEEBBD /* LaunchScreen.storyboard */,
				4AC6E646265AB7A100AEEBBD /* Info.plist */,
				4AC6E63E265AB79D00AEEBBD /* GitHubTest.xcdatamodeld */,
			);
			path = GitHubTest;
			sourceTree = "<group>";
		};
		4AC6E64E265AB7A100AEEBBD /* GitHubTestTests */ = {
			isa = PBXGroup;
			children = (
				4AC6E64F265AB7A100AEEBBD /* GitHubTestTests.swift */,
				4AC6E651265AB7A100AEEBBD /* Info.plist */,
			);
			path = GitHubTestTests;
			sourceTree = "<group>";
		};
		4AC6E659265AB7A200AEEBBD /* GitHubTestUITests */ = {
			isa = PBXGroup;
			children = (
				4AC6E65A265AB7A200AEEBBD /* GitHubTestUITests.swift */,
				4AC6E65C265AB7A200AEEBBD /* Info.plist */,
			);
			path = GitHubTestUITests;
			sourceTree = "<group>";
		};
/* End PBXGroup section */

/* Begin PBXNativeTarget section */
		4AC6E631265AB79D00AEEBBD /* GitHubTest */ = {
			isa = PBXNativeTarget;
			buildConfigurationList = 4AC6E65F265AB7A200AEEBBD /* Build configuration list for PBXNativeTarget "GitHubTest" */;
			buildPhases = (
				4AC6E62E265AB79D00AEEBBD /* Sources */,
				4AC6E62F265AB79D00AEEBBD /* Frameworks */,
				4AC6E630265AB79D00AEEBBD /* Resources */,
			);
			buildRules = (
			);
			dependencies = (
			);
			name = GitHubTest;
			productName = GitHubTest;
			productReference = 4AC6E632265AB79D00AEEBBD /* GitHubTest.app */;
			productType = "com.apple.product-type.application";
		};
		4AC6E64A265AB7A100AEEBBD /* GitHubTestTests */ = {
			isa = PBXNativeTarget;
			buildConfigurationList = 4AC6E662265AB7A200AEEBBD /* Build configuration list for PBXNativeTarget "GitHubTestTests" */;
			buildPhases = (
				4AC6E647265AB7A100AEEBBD /* Sources */,
				4AC6E648265AB7A100AEEBBD /* Frameworks */,
				4AC6E649265AB7A100AEEBBD /* Resources */,
			);
			buildRules = (
			);
			dependencies = (
				4AC6E64D265AB7A100AEEBBD /* PBXTargetDependency */,
			);
			name = GitHubTestTests;
			productName = GitHubTestTests;
			productReference = 4AC6E64B265AB7A100AEEBBD /* GitHubTestTests.xctest */;
			productType = "com.apple.product-type.bundle.unit-test";
		};
		4AC6E655265AB7A100AEEBBD /* GitHubTestUITests */ = {
			isa = PBXNativeTarget;
			buildConfigurationList = 4AC6E665265AB7A200AEEBBD /* Build configuration list for PBXNativeTarget "GitHubTestUITests" */;
			buildPhases = (
				4AC6E652265AB7A100AEEBBD /* Sources */,
				4AC6E653265AB7A100AEEBBD /* Frameworks */,
				4AC6E654265AB7A100AEEBBD /* Resources */,
			);
			buildRules = (
			);
			dependencies = (
				4AC6E658265AB7A100AEEBBD /* PBXTargetDependency */,
			);
			name = GitHubTestUITests;
			productName = GitHubTestUITests;
			productReference = 4AC6E656265AB7A100AEEBBD /* GitHubTestUITests.xctest */;
			productType = "com.apple.product-type.bundle.ui-testing";
		};
/* End PBXNativeTarget section */

/* Begin PBXProject section */
		4AC6E62A265AB79D00AEEBBD /* Project object */ = {
			isa = PBXProject;
			attributes = {
				LastSwiftUpdateCheck = 1160;
				LastUpgradeCheck = 1160;
				ORGANIZATIONNAME = "Marnie Reid";
				TargetAttributes = {
					4AC6E631265AB79D00AEEBBD = {
						CreatedOnToolsVersion = 11.6;
					};
					4AC6E64A265AB7A100AEEBBD = {
						CreatedOnToolsVersion = 11.6;
						TestTargetID = 4AC6E631265AB79D00AEEBBD;
					};
					4AC6E655265AB7A100AEEBBD = {
						CreatedOnToolsVersion = 11.6;
						TestTargetID = 4AC6E631265AB79D00AEEBBD;
					};
				};
			};
			buildConfigurationList = 4AC6E62D265AB79D00AEEBBD /* Build configuration list for PBXProject "GitHubTest" */;
			compatibilityVersion = "Xcode 9.3";
			developmentRegion = en;
			hasScannedForEncodings = 0;
			knownRegions = (
				en,
				Base,
			);
			mainGroup = 4AC6E629265AB79D00AEEBBD;
			productRefGroup = 4AC6E633265AB79D00AEEBBD /* Products */;
			projectDirPath = "";
			projectRoot = "";
			targets = (
				4AC6E631265AB79D00AEEBBD /* GitHubTest */,
				4AC6E64A265AB7A100AEEBBD /* GitHubTestTests */,
				4AC6E655265AB7A100AEEBBD /* GitHubTestUITests */,
			);
		};
/* End PBXProject section */

/* Begin PBXResourcesBuildPhase section */
		4AC6E630265AB79D00AEEBBD /* Resources */ = {
			isa = PBXResourcesBuildPhase;
			buildActionMask = 2147483647;
			files = (
				4AC6E645265AB7A100AEEBBD /* LaunchScreen.storyboard in Resources */,
				4AC6E642265AB7A100AEEBBD /* Assets.xcassets in Resources */,
				4AC6E63D265AB79D00AEEBBD /* Main.storyboard in Resources */,
			);
			runOnlyForDeploymentPostprocessing = 0;
		};
		4AC6E649265AB7A100AEEBBD /* Resources */ = {
			isa = PBXResourcesBuildPhase;
			buildActionMask = 2147483647;
			files = (
			);
			runOnlyForDeploymentPostprocessing = 0;
		};
		4AC6E654265AB7A100AEEBBD /* Resources */ = {
			isa = PBXResourcesBuildPhase;
			buildActionMask = 2147483647;
			files = (
			);
			runOnlyForDeploymentPostprocessing = 0;
		};
/* End PBXResourcesBuildPhase section */

/* Begin PBXSourcesBuildPhase section */
		4AC6E62E265AB79D00AEEBBD /* Sources */ = {
			isa = PBXSourcesBuildPhase;
			buildActionMask = 2147483647;
			files = (
				4AC6E63A265AB79D00AEEBBD /* ViewController.swift in Sources */,
				4AC6E636265AB79D00AEEBBD /* AppDelegate.swift in Sources */,
				4AC6E640265AB79D00AEEBBD /* GitHubTest.xcdatamodeld in Sources */,
				4AC6E638265AB79D00AEEBBD /* SceneDelegate.swift in Sources */,
			);
			runOnlyForDeploymentPostprocessing = 0;
		};
		4AC6E647265AB7A100AEEBBD /* Sources */ = {
			isa = PBXSourcesBuildPhase;
			buildActionMask = 2147483647;
			files = (
				4AC6E650265AB7A100AEEBBD /* GitHubTestTests.swift in Sources */,
			);
			runOnlyForDeploymentPostprocessing = 0;
		};
		4AC6E652265AB7A100AEEBBD /* Sources */ = {
			isa = PBXSourcesBuildPhase;
			buildActionMask = 2147483647;
			files = (
				4AC6E65B265AB7A200AEEBBD /* GitHubTestUITests.swift in Sources */,
			);
			runOnlyForDeploymentPostprocessing = 0;
		};
/* End PBXSourcesBuildPhase section */

/* Begin PBXTargetDependency section */
		4AC6E64D265AB7A100AEEBBD /* PBXTargetDependency */ = {
			isa = PBXTargetDependency;
			target = 4AC6E631265AB79D00AEEBBD /* GitHubTest */;
			targetProxy = 4AC6E64C265AB7A100AEEBBD /* PBXContainerItemProxy */;
		};
		4AC6E658265AB7A100AEEBBD /* PBXTargetDependency */ = {
			isa = PBXTargetDependency;
			target = 4AC6E631265AB79D00AEEBBD /* GitHubTest */;
			targetProxy = 4AC6E657265AB7A100AEEBBD /* PBXContainerItemProxy */;
		};
/* End PBXTargetDependency section */

/* Begin PBXVariantGroup section */
		4AC6E63B265AB79D00AEEBBD /* Main.storyboard */ = {
			isa = PBXVariantGroup;
			children = (
				4AC6E63C265AB79D00AEEBBD /* Base */,
			);
			name = Main.storyboard;
			sourceTree = "<group>";
		};
		4AC6E643265AB7A100AEEBBD /* LaunchScreen.storyboard */ = {
			isa = PBXVariantGroup;
			children = (
				4AC6E644265AB7A100AEEBBD /* Base */,
			);
			name = LaunchScreen.storyboard;
			sourceTree = "<group>";
		};
/* End PBXVariantGroup section */

/* Begin XCBuildConfiguration section */
		4AC6E65D265AB7A200AEEBBD /* Debug */ = {
			isa = XCBuildConfiguration;
			buildSettings = {
				ALWAYS_SEARCH_USER_PATHS = NO;
				CLANG_ANALYZER_NONNULL = YES;
				CLANG_ANALYZER_NUMBER_OBJECT_CONVERSION = YES_AGGRESSIVE;
				CLANG_CXX_LANGUAGE_STANDARD = "gnu++14";
				CLANG_CXX_LIBRARY = "libc++";
				CLANG_ENABLE_MODULES = YES;
				CLANG_ENABLE_OBJC_ARC = YES;
				CLANG_ENABLE_OBJC_WEAK = YES;
				CLANG_WARN_BLOCK_CAPTURE_AUTORELEASING = YES;
				CLANG_WARN_BOOL_CONVERSION = YES;
				CLANG_WARN_COMMA = YES;
				CLANG_WARN_CONSTANT_CONVERSION = YES;
				CLANG_WARN_DEPRECATED_OBJC_IMPLEMENTATIONS = YES;
				CLANG_WARN_DIRECT_OBJC_ISA_USAGE = YES_ERROR;
				CLANG_WARN_DOCUMENTATION_COMMENTS = YES;
				CLANG_WARN_EMPTY_BODY = YES;
				CLANG_WARN_ENUM_CONVERSION = YES;
				CLANG_WARN_INFINITE_RECURSION = YES;
				CLANG_WARN_INT_CONVERSION = YES;
				CLANG_WARN_NON_LITERAL_NULL_CONVERSION = YES;
				CLANG_WARN_OBJC_IMPLICIT_RETAIN_SELF = YES;
				CLANG_WARN_OBJC_LITERAL_CONVERSION = YES;
				CLANG_WARN_OBJC_ROOT_CLASS = YES_ERROR;
				CLANG_WARN_RANGE_LOOP_ANALYSIS = YES;
				CLANG_WARN_STRICT_PROTOTYPES = YES;
				CLANG_WARN_SUSPICIOUS_MOVE = YES;
				CLANG_WARN_UNGUARDED_AVAILABILITY = YES_AGGRESSIVE;
				CLANG_WARN_UNREACHABLE_CODE = YES;
				CLANG_WARN__DUPLICATE_METHOD_MATCH = YES;
				COPY_PHASE_STRIP = NO;
				DEBUG_INFORMATION_FORMAT = dwarf;
				ENABLE_STRICT_OBJC_MSGSEND = YES;
				ENABLE_TESTABILITY = YES;
				GCC_C_LANGUAGE_STANDARD = gnu11;
				GCC_DYNAMIC_NO_PIC = NO;
				GCC_NO_COMMON_BLOCKS = YES;
				GCC_OPTIMIZATION_LEVEL = 0;
				GCC_PREPROCESSOR_DEFINITIONS = (
					"DEBUG=1",
					"$(inherited)",
				);
				GCC_WARN_64_TO_32_BIT_CONVERSION = YES;
				GCC_WARN_ABOUT_RETURN_TYPE = YES_ERROR;
				GCC_WARN_UNDECLARED_SELECTOR = YES;
				GCC_WARN_UNINITIALIZED_AUTOS = YES_AGGRESSIVE;
				GCC_WARN_UNUSED_FUNCTION = YES;
				GCC_WARN_UNUSED_VARIABLE = YES;
				IPHONEOS_DEPLOYMENT_TARGET = 13.6;
				MTL_ENABLE_DEBUG_INFO = INCLUDE_SOURCE;
				MTL_FAST_MATH = YES;
				ONLY_ACTIVE_ARCH = YES;
				SDKROOT = iphoneos;
				SWIFT_ACTIVE_COMPILATION_CONDITIONS = DEBUG;
				SWIFT_OPTIMIZATION_LEVEL = "-Onone";
			};
			name = Debug;
		};
		4AC6E65E265AB7A200AEEBBD /* Release */ = {
			isa = XCBuildConfiguration;
			buildSettings = {
				ALWAYS_SEARCH_USER_PATHS = NO;
				CLANG_ANALYZER_NONNULL = YES;
				CLANG_ANALYZER_NUMBER_OBJECT_CONVERSION = YES_AGGRESSIVE;
				CLANG_CXX_LANGUAGE_STANDARD = "gnu++14";
				CLANG_CXX_LIBRARY = "libc++";
				CLANG_ENABLE_MODULES = YES;
				CLANG_ENABLE_OBJC_ARC = YES;
				CLANG_ENABLE_OBJC_WEAK = YES;
				CLANG_WARN_BLOCK_CAPTURE_AUTORELEASING = YES;
				CLANG_WARN_BOOL_CONVERSION = YES;
				CLANG_WARN_COMMA = YES;
				CLANG_WARN_CONSTANT_CONVERSION = YES;
				CLANG_WARN_DEPRECATED_OBJC_IMPLEMENTATIONS = YES;
				CLANG_WARN_DIRECT_OBJC_ISA_USAGE = YES_ERROR;
				CLANG_WARN_DOCUMENTATION_COMMENTS = YES;
				CLANG_WARN_EMPTY_BODY = YES;
				CLANG_WARN_ENUM_CONVERSION = YES;
				CLANG_WARN_INFINITE_RECURSION = YES;
				CLANG_WARN_INT_CONVERSION = YES;
				CLANG_WARN_NON_LITERAL_NULL_CONVERSION = YES;
				CLANG_WARN_OBJC_IMPLICIT_RETAIN_SELF = YES;
				CLANG_WARN_OBJC_LITERAL_CONVERSION = YES;
				CLANG_WARN_OBJC_ROOT_CLASS = YES_ERROR;
				CLANG_WARN_RANGE_LOOP_ANALYSIS = YES;
				CLANG_WARN_STRICT_PROTOTYPES = YES;
				CLANG_WARN_SUSPICIOUS_MOVE = YES;
				CLANG_WARN_UNGUARDED_AVAILABILITY = YES_AGGRESSIVE;
				CLANG_WARN_UNREACHABLE_CODE = YES;
				CLANG_WARN__DUPLICATE_METHOD_MATCH = YES;
				COPY_PHASE_STRIP = NO;
				DEBUG_INFORMATION_FORMAT = "dwarf-with-dsym";
				ENABLE_NS_ASSERTIONS = NO;
				ENABLE_STRICT_OBJC_MSGSEND = YES;
				GCC_C_LANGUAGE_STANDARD = gnu11;
				GCC_NO_COMMON_BLOCKS = YES;
				GCC_WARN_64_TO_32_BIT_CONVERSION = YES;
				GCC_WARN_ABOUT_RETURN_TYPE = YES_ERROR;
				GCC_WARN_UNDECLARED_SELECTOR = YES;
				GCC_WARN_UNINITIALIZED_AUTOS = YES_AGGRESSIVE;
				GCC_WARN_UNUSED_FUNCTION = YES;
				GCC_WARN_UNUSED_VARIABLE = YES;
				IPHONEOS_DEPLOYMENT_TARGET = 13.6;
				MTL_ENABLE_DEBUG_INFO = NO;
				MTL_FAST_MATH = YES;
				SDKROOT = iphoneos;
				SWIFT_COMPILATION_MODE = wholemodule;
				SWIFT_OPTIMIZATION_LEVEL = "-O";
				VALIDATE_PRODUCT = YES;
			};
			name = Release;
		};
		4AC6E660265AB7A200AEEBBD /* Debug */ = {
			isa = XCBuildConfiguration;
			buildSettings = {
				ASSETCATALOG_COMPILER_APPICON_NAME = AppIcon;
				CODE_SIGN_STYLE = Automatic;
				DEVELOPMENT_TEAM = GT6RL4Z7VL;
				INFOPLIST_FILE = GitHubTest/Info.plist;
				LD_RUNPATH_SEARCH_PATHS = (
					"$(inherited)",
					"@executable_path/Frameworks",
				);
				PRODUCT_BUNDLE_IDENTIFIER = marniereid.GitHubTest;
				PRODUCT_NAME = "$(TARGET_NAME)";
				SWIFT_VERSION = 5.0;
				TARGETED_DEVICE_FAMILY = "1,2";
			};
			name = Debug;
		};
		4AC6E661265AB7A200AEEBBD /* Release */ = {
			isa = XCBuildConfiguration;
			buildSettings = {
				ASSETCATALOG_COMPILER_APPICON_NAME = AppIcon;
				CODE_SIGN_STYLE = Automatic;
				DEVELOPMENT_TEAM = GT6RL4Z7VL;
				INFOPLIST_FILE = GitHubTest/Info.plist;
				LD_RUNPATH_SEARCH_PATHS = (
					"$(inherited)",
					"@executable_path/Frameworks",
				);
				PRODUCT_BUNDLE_IDENTIFIER = marniereid.GitHubTest;
				PRODUCT_NAME = "$(TARGET_NAME)";
				SWIFT_VERSION = 5.0;
				TARGETED_DEVICE_FAMILY = "1,2";
			};
			name = Release;
		};
		4AC6E663265AB7A200AEEBBD /* Debug */ = {
			isa = XCBuildConfiguration;
			buildSettings = {
				ALWAYS_EMBED_SWIFT_STANDARD_LIBRARIES = YES;
				BUNDLE_LOADER = "$(TEST_HOST)";
				CODE_SIGN_STYLE = Automatic;
				DEVELOPMENT_TEAM = GT6RL4Z7VL;
				INFOPLIST_FILE = GitHubTestTests/Info.plist;
				IPHONEOS_DEPLOYMENT_TARGET = 13.6;
				LD_RUNPATH_SEARCH_PATHS = (
					"$(inherited)",
					"@executable_path/Frameworks",
					"@loader_path/Frameworks",
				);
				PRODUCT_BUNDLE_IDENTIFIER = marniereid.GitHubTestTests;
				PRODUCT_NAME = "$(TARGET_NAME)";
				SWIFT_VERSION = 5.0;
				TARGETED_DEVICE_FAMILY = "1,2";
				TEST_HOST = "$(BUILT_PRODUCTS_DIR)/GitHubTest.app/GitHubTest";
			};
			name = Debug;
		};
		4AC6E664265AB7A200AEEBBD /* Release */ = {
			isa = XCBuildConfiguration;
			buildSettings = {
				ALWAYS_EMBED_SWIFT_STANDARD_LIBRARIES = YES;
				BUNDLE_LOADER = "$(TEST_HOST)";
				CODE_SIGN_STYLE = Automatic;
				DEVELOPMENT_TEAM = GT6RL4Z7VL;
				INFOPLIST_FILE = GitHubTestTests/Info.plist;
				IPHONEOS_DEPLOYMENT_TARGET = 13.6;
				LD_RUNPATH_SEARCH_PATHS = (
					"$(inherited)",
					"@executable_path/Frameworks",
					"@loader_path/Frameworks",
				);
				PRODUCT_BUNDLE_IDENTIFIER = marniereid.GitHubTestTests;
				PRODUCT_NAME = "$(TARGET_NAME)";
				SWIFT_VERSION = 5.0;
				TARGETED_DEVICE_FAMILY = "1,2";
				TEST_HOST = "$(BUILT_PRODUCTS_DIR)/GitHubTest.app/GitHubTest";
			};
			name = Release;
		};
		4AC6E666265AB7A200AEEBBD /* Debug */ = {
			isa = XCBuildConfiguration;
			buildSettings = {
				ALWAYS_EMBED_SWIFT_STANDARD_LIBRARIES = YES;
				CODE_SIGN_STYLE = Automatic;
				DEVELOPMENT_TEAM = GT6RL4Z7VL;
				INFOPLIST_FILE = GitHubTestUITests/Info.plist;
				LD_RUNPATH_SEARCH_PATHS = (
					"$(inherited)",
					"@executable_path/Frameworks",
					"@loader_path/Frameworks",
				);
				PRODUCT_BUNDLE_IDENTIFIER = marniereid.GitHubTestUITests;
				PRODUCT_NAME = "$(TARGET_NAME)";
				SWIFT_VERSION = 5.0;
				TARGETED_DEVICE_FAMILY = "1,2";
				TEST_TARGET_NAME = GitHubTest;
			};
			name = Debug;
		};
		4AC6E667265AB7A200AEEBBD /* Release */ = {
			isa = XCBuildConfiguration;
			buildSettings = {
				ALWAYS_EMBED_SWIFT_STANDARD_LIBRARIES = YES;
				CODE_SIGN_STYLE = Automatic;
				DEVELOPMENT_TEAM = GT6RL4Z7VL;
				INFOPLIST_FILE = GitHubTestUITests/Info.plist;
				LD_RUNPATH_SEARCH_PATHS = (
					"$(inherited)",
					"@executable_path/Frameworks",
					"@loader_path/Frameworks",
				);
				PRODUCT_BUNDLE_IDENTIFIER = marniereid.GitHubTestUITests;
				PRODUCT_NAME = "$(TARGET_NAME)";
				SWIFT_VERSION = 5.0;
				TARGETED_DEVICE_FAMILY = "1,2";
				TEST_TARGET_NAME = GitHubTest;
			};
			name = Release;
		};
/* End XCBuildConfiguration section */

/* Begin XCConfigurationList section */
		4AC6E62D265AB79D00AEEBBD /* Build configuration list for PBXProject "GitHubTest" */ = {
			isa = XCConfigurationList;
			buildConfigurations = (
				4AC6E65D265AB7A200AEEBBD /* Debug */,
				4AC6E65E265AB7A200AEEBBD /* Release */,
			);
			defaultConfigurationIsVisible = 0;
			defaultConfigurationName = Release;
		};
		4AC6E65F265AB7A200AEEBBD /* Build configuration list for PBXNativeTarget "GitHubTest" */ = {
			isa = XCConfigurationList;
			buildConfigurations = (
				4AC6E660265AB7A200AEEBBD /* Debug */,
				4AC6E661265AB7A200AEEBBD /* Release */,
			);
			defaultConfigurationIsVisible = 0;
			defaultConfigurationName = Release;
		};
		4AC6E662265AB7A200AEEBBD /* Build configuration list for PBXNativeTarget "GitHubTestTests" */ = {
			isa = XCConfigurationList;
			buildConfigurations = (
				4AC6E663265AB7A200AEEBBD /* Debug */,
				4AC6E664265AB7A200AEEBBD /* Release */,
			);
			defaultConfigurationIsVisible = 0;
			defaultConfigurationName = Release;
		};
		4AC6E665265AB7A200AEEBBD /* Build configuration list for PBXNativeTarget "GitHubTestUITests" */ = {
			isa = XCConfigurationList;
			buildConfigurations = (
				4AC6E666265AB7A200AEEBBD /* Debug */,
				4AC6E667265AB7A200AEEBBD /* Release */,
			);
			defaultConfigurationIsVisible = 0;
			defaultConfigurationName = Release;
		};
/* End XCConfigurationList section */

/* Begin XCVersionGroup section */
		4AC6E63E265AB79D00AEEBBD /* GitHubTest.xcdatamodeld */ = {
			isa = XCVersionGroup;
			children = (
				4AC6E63F265AB79D00AEEBBD /* GitHubTest.xcdatamodel */,
			);
			currentVersion = 4AC6E63F265AB79D00AEEBBD /* GitHubTest.xcdatamodel */;
			path = GitHubTest.xcdatamodeld;
			sourceTree = "<group>";
			versionGroupType = wrapper.xcdatamodel;
		};
/* End XCVersionGroup section */
	};
	rootObject = 4AC6E62A265AB79D00AEEBBD /* Project object */;
}
